{
  "name": "jumpstyle-brasil-site",
  "version": "1.0.0",
  "lockfileVersion": 3,
  "requires": true,
  "packages": {
    "": {
      "name": "jumpstyle-brasil-site",
      "version": "1.0.0",
      "license": "SEE LICENSE IN NOTICE.md",
      "engines": {
        "node": ">=18"
      }
    }
  }
}
